
Microsoft Visual Studio Solution File, Format Version 12.00
# Visual Studio 15
VisualStudioVersion = 15.0.27004.2006
MinimumVisualStudioVersion = 10.0.40219.1
Project("{9A19103F-16F7-4668-BE54-9A1E7A4F7556}") = "Contoso.Events.Models", "Contoso.Events.Models\Contoso.Events.Models.csproj", "{82D62F79-0133-4937-8FFC-F643AAFDFB40}"
EndProject
Project("{9A19103F-16F7-4668-BE54-9A1E7A4F7556}") = "Contoso.Events.Data", "Contoso.Events.Data\Contoso.Events.Data.csproj", "{86DAE78C-4083-48C4-B26A-530FFF994638}"
EndProject
Project("{9A19103F-16F7-4668-BE54-9A1E7A4F7556}") = "Contoso.Events.Worker", "Contoso.Events.Worker\Contoso.Events.Worker.csproj", "{1EB7D4FF-3223-49E9-BB16-7078CC0877EC}"
EndProject
Global
	GlobalSection(SolutionConfigurationPlatforms) = preSolution
		Debug|Any CPU = Debug|Any CPU
		Release|Any CPU = Release|Any CPU
	EndGlobalSection
	GlobalSection(ProjectConfigurationPlatforms) = postSolution
		{82D62F79-0133-4937-8FFC-F643AAFDFB40}.Debug|Any CPU.ActiveCfg = Debug|Any CPU
		{82D62F79-0133-4937-8FFC-F643AAFDFB40}.Debug|Any CPU.Build.0 = Debug|Any CPU
		{82D62F79-0133-4937-8FFC-F643AAFDFB40}.Release|Any CPU.ActiveCfg = Release|Any CPU
		{82D62F79-0133-4937-8FFC-F643AAFDFB40}.Release|Any CPU.Build.0 = Release|Any CPU
		{86DAE78C-4083-48C4-B26A-530FFF994638}.Debug|Any CPU.ActiveCfg = Debug|Any CPU
		{86DAE78C-4083-48C4-B26A-530FFF994638}.Debug|Any CPU.Build.0 = Debug|Any CPU
		{86DAE78C-4083-48C4-B26A-530FFF994638}.Release|Any CPU.ActiveCfg = Release|Any CPU
		{86DAE78C-4083-48C4-B26A-530FFF994638}.Release|Any CPU.Build.0 = Release|Any CPU
		{1EB7D4FF-3223-49E9-BB16-7078CC0877EC}.Debug|Any CPU.ActiveCfg = Debug|Any CPU
		{1EB7D4FF-3223-49E9-BB16-7078CC0877EC}.Debug|Any CPU.Build.0 = Debug|Any CPU
		{1EB7D4FF-3223-49E9-BB16-7078CC0877EC}.Release|Any CPU.ActiveCfg = Release|Any CPU
		{1EB7D4FF-3223-49E9-BB16-7078CC0877EC}.Release|Any CPU.Build.0 = Release|Any CPU
	EndGlobalSection
	GlobalSection(SolutionProperties) = preSolution
		HideSolutionNode = FALSE
	EndGlobalSection
	GlobalSection(ExtensibilityGlobals) = postSolution
		SolutionGuid = {F7F89152-FC44-4818-8574-420C17683613}
	EndGlobalSection
EndGlobal
